
Microsoft Visual Studio Solution File, Format Version 12.00
# Visual Studio Version 17
VisualStudioVersion = 17.14.36518.9 d17.14
MinimumVisualStudioVersion = 10.0.40219.1
Project("{FAE04EC0-301F-11D3-BF4B-00C04F79EFBC}") = "Decripter", "Decripter\Decripter.csproj", "{ABEB80BA-858A-4DBE-87F9-4619B3915B12}"
EndProject
Global
	GlobalSection(SolutionConfigurationPlatforms) = preSolution
		Debug|Any CPU = Debug|Any CPU
		Release|Any CPU = Release|Any CPU
	EndGlobalSection
	GlobalSection(ProjectConfigurationPlatforms) = postSolution
		{ABEB80BA-858A-4DBE-87F9-4619B3915B12}.Debug|Any CPU.ActiveCfg = Debug|Any CPU
		{ABEB80BA-858A-4DBE-87F9-4619B3915B12}.Debug|Any CPU.Build.0 = Debug|Any CPU
		{ABEB80BA-858A-4DBE-87F9-4619B3915B12}.Release|Any CPU.ActiveCfg = Release|Any CPU
		{ABEB80BA-858A-4DBE-87F9-4619B3915B12}.Release|Any CPU.Build.0 = Release|Any CPU
	EndGlobalSection
	GlobalSection(SolutionProperties) = preSolution
		HideSolutionNode = FALSE
	EndGlobalSection
	GlobalSection(ExtensibilityGlobals) = postSolution
		SolutionGuid = {C0510A6B-ACDA-4EA3-A97B-B8DEC68DE44D}
	EndGlobalSection
EndGlobal
